schema: '2.0'
stages:
  load_data:
    cmd: python src/data_load.py
    deps:
    - path: data/raw/data.csv
      hash: md5
      md5: 5afc23b9622f8f9ffa60824f4e97d0d5
      size: 121385
    - path: src/data_load.py
      hash: md5
      md5: 34b5bd4ded39af3a99d7e2307990c2a7
      size: 726
    outs:
    - path: data/processed/data.csv
      hash: md5
      md5: 5afc23b9622f8f9ffa60824f4e97d0d5
      size: 121385
  preprocess:
    cmd: python src/preprocess.py
    deps:
    - path: data/processed/data.csv
      hash: md5
      md5: 5afc23b9622f8f9ffa60824f4e97d0d5
      size: 121385
    - path: src/preprocess.py
      hash: md5
      md5: ea30195ced9cf0beb7a741511dabbac4
      size: 568
    outs:
    - path: data/processed/test.csv
      hash: md5
      md5: a0864871521c5b0a3859dc0e54ccbc29
      size: 24681
    - path: data/processed/train.csv
      hash: md5
      md5: 7bab774b027c20cb0c5d906f7b085507
      size: 97196
  train:
    cmd: python src/train.py
    deps:
    - path: data/processed/train.csv
      hash: md5
      md5: 7bab774b027c20cb0c5d906f7b085507
      size: 97196
    - path: src/train.py
      hash: md5
      md5: 80c17c91bc8b9dc325dba1e4f9afdff2
      size: 690
    params:
      params.yaml:
        train.max_depth: 10
        train.min_samples_split: 2
        train.n_estimators: 50
        train.random_state: 42
    outs:
    - path: model.pkl
      hash: md5
      md5: 8e0a6eab7d5303b10434e241784de755
      size: 159005
  evaluate:
    cmd: python src/evaluate.py
    deps:
    - path: data/processed/test.csv
      hash: md5
      md5: a0864871521c5b0a3859dc0e54ccbc29
      size: 24681
    - path: model.pkl
      hash: md5
      md5: 8e0a6eab7d5303b10434e241784de755
      size: 159005
    - path: src/evaluate.py
      hash: md5
      md5: b02d6d89868b896346eebff1e4d043a5
      size: 1089
    outs:
    - path: metrics.json
      hash: md5
      md5: e6a45ef39ea125005be173b46c30e999
      size: 177
